
Microsoft Visual Studio Solution File, Format Version 12.00
# Visual Studio Version 17
VisualStudioVersion = 17.8.34330.188
MinimumVisualStudioVersion = 10.0.40219.1
Project("{FAE04EC0-301F-11D3-BF4B-00C04F79EFBC}") = "Technical_Institute", "Technical_Institute\Technical_Institute.csproj", "{ACDC98A9-D7E3-4093-99ED-750B57E1956C}"
EndProject
Global
	GlobalSection(SolutionConfigurationPlatforms) = preSolution
		Debug|Any CPU = Debug|Any CPU
		Release|Any CPU = Release|Any CPU
	EndGlobalSection
	GlobalSection(ProjectConfigurationPlatforms) = postSolution
		{ACDC98A9-D7E3-4093-99ED-750B57E1956C}.Debug|Any CPU.ActiveCfg = Debug|Any CPU
		{ACDC98A9-D7E3-4093-99ED-750B57E1956C}.Debug|Any CPU.Build.0 = Debug|Any CPU
		{ACDC98A9-D7E3-4093-99ED-750B57E1956C}.Release|Any CPU.ActiveCfg = Release|Any CPU
		{ACDC98A9-D7E3-4093-99ED-750B57E1956C}.Release|Any CPU.Build.0 = Release|Any CPU
	EndGlobalSection
	GlobalSection(SolutionProperties) = preSolution
		HideSolutionNode = FALSE
	EndGlobalSection
	GlobalSection(ExtensibilityGlobals) = postSolution
		SolutionGuid = {472315B2-36DF-41BE-9908-5A7514BC8E77}
	EndGlobalSection
EndGlobal
